# This file is generated by running "yarn install" inside your project.
# Manual changes might be lost - proceed with caution!

__metadata:
  version: 6
  cacheKey: 8

"@remix-run/router@npm:1.3.1":
  version: 1.3.1
  resolution: "@remix-run/router@npm:1.3.1"
  checksum: c91cba100b13fbb83cdaf43ca66b0d9fc1ab9dfe0bc58ac80ff2a4889488bf518a111267c790350eac8c7f764cc7809402430de15bdf70282d0bd60acf06d9de
  languageName: node
  linkType: hard

"@tanstack/query-core@npm:4.24.2":
  version: 4.24.2
  resolution: "@tanstack/query-core@npm:4.24.2"
  checksum: ee7edf5c6ecc4a0386ee388541c198f77f070a1b5a2a13ebc1a73470c81315ff2594bf485c70552f7822594733ae94bf77217ca9175dc8a073dc5d4e8d92a8ae
  languageName: node
  linkType: hard

"@tanstack/react-query@npm:^4.24.2":
  version: 4.24.2
  resolution: "@tanstack/react-query@npm:4.24.2"
  dependencies:
    "@tanstack/query-core": 4.24.2
    use-sync-external-store: ^1.2.0
  peerDependencies:
    react: ^16.8.0 || ^17.0.0 || ^18.0.0
    react-dom: ^16.8.0 || ^17.0.0 || ^18.0.0
    react-native: "*"
  peerDependenciesMeta:
    react-dom:
      optional: true
    react-native:
      optional: true
  checksum: 20598f2698f26e161721734eae492d21f0b6337693b79428366bc35c5fa7d684c354e9a1190f2c6dbc45f7baff057ef116e47882875aaaedb63ccef9d00875a6
  languageName: node
  linkType: hard

"Front@workspace:.":
  version: 0.0.0-use.local
  resolution: "Front@workspace:."
  dependencies:
    "@tanstack/react-query": ^4.24.2
    dayjs: ^1.11.7
    react: ^18.2.0
    react-dom: ^18.2.0
    react-router-dom: ^6.8.0
  languageName: unknown
  linkType: soft

"dayjs@npm:^1.11.7":
  version: 1.11.7
  resolution: "dayjs@npm:1.11.7"
  checksum: 5003a7c1dd9ed51385beb658231c3548700b82d3548c0cfbe549d85f2d08e90e972510282b7506941452c58d32136d6362f009c77ca55381a09c704e9f177ebb
  languageName: node
  linkType: hard

"js-tokens@npm:^3.0.0 || ^4.0.0":
  version: 4.0.0
  resolution: "js-tokens@npm:4.0.0"
  checksum: 8a95213a5a77deb6cbe94d86340e8d9ace2b93bc367790b260101d2f36a2eaf4e4e22d9fa9cf459b38af3a32fb4190e638024cf82ec95ef708680e405ea7cc78
  languageName: node
  linkType: hard

"loose-envify@npm:^1.1.0":
  version: 1.4.0
  resolution: "loose-envify@npm:1.4.0"
  dependencies:
    js-tokens: ^3.0.0 || ^4.0.0
  bin:
    loose-envify: cli.js
  checksum: 6517e24e0cad87ec9888f500c5b5947032cdfe6ef65e1c1936a0c48a524b81e65542c9c3edc91c97d5bddc806ee2a985dbc79be89215d613b1de5db6d1cfe6f4
  languageName: node
  linkType: hard

"react-dom@npm:^18.2.0":
  version: 18.2.0
  resolution: "react-dom@npm:18.2.0"
  dependencies:
    loose-envify: ^1.1.0
    scheduler: ^0.23.0
  peerDependencies:
    react: ^18.2.0
  checksum: 7d323310bea3a91be2965f9468d552f201b1c27891e45ddc2d6b8f717680c95a75ae0bc1e3f5cf41472446a2589a75aed4483aee8169287909fcd59ad149e8cc
  languageName: node
  linkType: hard

"react-router-dom@npm:^6.8.0":
  version: 6.8.0
  resolution: "react-router-dom@npm:6.8.0"
  dependencies:
    "@remix-run/router": 1.3.1
    react-router: 6.8.0
  peerDependencies:
    react: ">=16.8"
    react-dom: ">=16.8"
  checksum: a10419023267014bdad20f50b5be04dffda49ebeb06c52ce9567795769dc0dc9b4e2fa61b52b5d70b61df4d17f85bae8f9c7e94c73d25d16974e46fd47765ced
  languageName: node
  linkType: hard

"react-router@npm:6.8.0":
  version: 6.8.0
  resolution: "react-router@npm:6.8.0"
  dependencies:
    "@remix-run/router": 1.3.1
  peerDependencies:
    react: ">=16.8"
  checksum: 6e258c47f6cbbd0b0c7c9fd7bbaf7cd5cd60472935512fbe97c91e4bbd9b1717f0dee231f5d7206bedfbccdbc21ab77eaf336ba971ea5d8c6b1277045a7b958a
  languageName: node
  linkType: hard

"react@npm:^18.2.0":
  version: 18.2.0
  resolution: "react@npm:18.2.0"
  dependencies:
    loose-envify: ^1.1.0
  checksum: 88e38092da8839b830cda6feef2e8505dec8ace60579e46aa5490fc3dc9bba0bd50336507dc166f43e3afc1c42939c09fe33b25fae889d6f402721dcd78fca1b
  languageName: node
  linkType: hard

"scheduler@npm:^0.23.0":
  version: 0.23.0
  resolution: "scheduler@npm:0.23.0"
  dependencies:
    loose-envify: ^1.1.0
  checksum: d79192eeaa12abef860c195ea45d37cbf2bbf5f66e3c4dcd16f54a7da53b17788a70d109ee3d3dde1a0fd50e6a8fc171f4300356c5aee4fc0171de526bf35f8a
  languageName: node
  linkType: hard

"use-sync-external-store@npm:^1.2.0":
  version: 1.2.0
  resolution: "use-sync-external-store@npm:1.2.0"
  peerDependencies:
    react: ^16.8.0 || ^17.0.0 || ^18.0.0
  checksum: 5c639e0f8da3521d605f59ce5be9e094ca772bd44a4ce7322b055a6f58eeed8dda3c94cabd90c7a41fb6fa852210092008afe48f7038792fd47501f33299116a
  languageName: node
  linkType: hard
